
Microsoft Visual Studio Solution File, Format Version 12.00
# Visual Studio Version 16
VisualStudioVersion = 16.0.29911.84
MinimumVisualStudioVersion = 10.0.40219.1
Project("{9A19103F-16F7-4668-BE54-9A1E7A4F7556}") = "Platform Services Portal", "Platform Services Portal.csproj", "{CFF6A130-682E-40CD-ACB0-71C1488DA416}"
EndProject
Global
	GlobalSection(SolutionConfigurationPlatforms) = preSolution
		Debug|Any CPU = Debug|Any CPU
		Release|Any CPU = Release|Any CPU
	EndGlobalSection
	GlobalSection(ProjectConfigurationPlatforms) = postSolution
		{CFF6A130-682E-40CD-ACB0-71C1488DA416}.Debug|Any CPU.ActiveCfg = Debug|Any CPU
		{CFF6A130-682E-40CD-ACB0-71C1488DA416}.Debug|Any CPU.Build.0 = Debug|Any CPU
		{CFF6A130-682E-40CD-ACB0-71C1488DA416}.Release|Any CPU.ActiveCfg = Release|Any CPU
		{CFF6A130-682E-40CD-ACB0-71C1488DA416}.Release|Any CPU.Build.0 = Release|Any CPU
	EndGlobalSection
	GlobalSection(SolutionProperties) = preSolution
		HideSolutionNode = FALSE
	EndGlobalSection
	GlobalSection(ExtensibilityGlobals) = postSolution
		SolutionGuid = {F8108035-ABB9-431D-BCA1-8AAC9E8FC7F6}
	EndGlobalSection
EndGlobal
